
Microsoft Visual Studio Solution File, Format Version 12.00
# Visual Studio Version 16
VisualStudioVersion = 16.0.30011.22
MinimumVisualStudioVersion = 10.0.40219.1
Project("{FAE04EC0-301F-11D3-BF4B-00C04F79EFBC}") = "FIPPCARE", "FIPPCARE\FIPPCARE.csproj", "{4FF6737D-9E7E-4FAE-B16B-F6AA85DB581C}"
EndProject
Global
	GlobalSection(SolutionConfigurationPlatforms) = preSolution
		Debug|Any CPU = Debug|Any CPU
		Release|Any CPU = Release|Any CPU
	EndGlobalSection
	GlobalSection(ProjectConfigurationPlatforms) = postSolution
		{4FF6737D-9E7E-4FAE-B16B-F6AA85DB581C}.Debug|Any CPU.ActiveCfg = Debug|Any CPU
		{4FF6737D-9E7E-4FAE-B16B-F6AA85DB581C}.Debug|Any CPU.Build.0 = Debug|Any CPU
		{4FF6737D-9E7E-4FAE-B16B-F6AA85DB581C}.Release|Any CPU.ActiveCfg = Release|Any CPU
		{4FF6737D-9E7E-4FAE-B16B-F6AA85DB581C}.Release|Any CPU.Build.0 = Release|Any CPU
	EndGlobalSection
	GlobalSection(SolutionProperties) = preSolution
		HideSolutionNode = FALSE
	EndGlobalSection
	GlobalSection(ExtensibilityGlobals) = postSolution
		SolutionGuid = {6BF908B1-C47C-4586-B0F4-B9670C65D740}
	EndGlobalSection
EndGlobal
